{
  "version": 4,
  "terraform_version": "1.11.4",
  "serial": 15,
  "lineage": "907e68f6-dc13-4204-d690-8b327e64bdb0",
  "outputs": {
    "aws_instance_public_ip": {
      "value": "23.22.48.59",
      "type": "string"
    },
    "ibm_instance_public_ip": {
      "value": "158.176.9.57",
      "type": "string"
    }
  },
  "resources": [
    {
      "module": "module.aws_infra",
      "mode": "managed",
      "type": "aws_instance",
      "name": "myserver1",
      "provider": "module.aws_infra.provider[\"registry.terraform.io/hashicorp/aws\"]",
      "instances": [
        {
          "schema_version": 1,
          "attributes": {
            "ami": "ami-00a929b66ed6e0de6",
            "arn": "arn:aws:ec2:us-east-1:390844748514:instance/i-05baeeb6367b9e76d",
            "associate_public_ip_address": true,
            "availability_zone": "us-east-1c",
            "capacity_reservation_specification": [
              {
                "capacity_reservation_preference": "open",
                "capacity_reservation_target": []
              }
            ],
            "cpu_core_count": 1,
            "cpu_options": [
              {
                "amd_sev_snp": "",
                "core_count": 1,
                "threads_per_core": 1
              }
            ],
            "cpu_threads_per_core": 1,
            "credit_specification": [
              {
                "cpu_credits": "standard"
              }
            ],
            "disable_api_stop": false,
            "disable_api_termination": false,
            "ebs_block_device": [],
            "ebs_optimized": false,
            "enclave_options": [
              {
                "enabled": false
              }
            ],
            "ephemeral_block_device": [],
            "get_password_data": false,
            "hibernation": false,
            "host_id": "",
            "host_resource_group_arn": null,
            "iam_instance_profile": "",
            "id": "i-05baeeb6367b9e76d",
            "instance_initiated_shutdown_behavior": "stop",
            "instance_lifecycle": "",
            "instance_market_options": [],
            "instance_state": "running",
            "instance_type": "t2.micro",
            "ipv6_address_count": 0,
            "ipv6_addresses": [],
            "key_name": "iam_key",
            "launch_template": [],
            "maintenance_options": [
              {
                "auto_recovery": "default"
              }
            ],
            "metadata_options": [
              {
                "http_endpoint": "enabled",
                "http_protocol_ipv6": "disabled",
                "http_put_response_hop_limit": 2,
                "http_tokens": "required",
                "instance_metadata_tags": "disabled"
              }
            ],
            "monitoring": false,
            "network_interface": [],
            "outpost_arn": "",
            "password_data": "",
            "placement_group": "",
            "placement_partition_number": 0,
            "primary_network_interface_id": "eni-0ae1623d0c7da1437",
            "private_dns": "ip-10-0-2-197.ec2.internal",
            "private_dns_name_options": [
              {
                "enable_resource_name_dns_a_record": false,
                "enable_resource_name_dns_aaaa_record": false,
                "hostname_type": "ip-name"
              }
            ],
            "private_ip": "10.0.2.197",
            "public_dns": "",
            "public_ip": "23.22.48.59",
            "root_block_device": [
              {
                "delete_on_termination": true,
                "device_name": "/dev/xvda",
                "encrypted": false,
                "iops": 3000,
                "kms_key_id": "",
                "tags": {},
                "tags_all": {},
                "throughput": 125,
                "volume_id": "vol-014803ac44a8e5d02",
                "volume_size": 8,
                "volume_type": "gp3"
              }
            ],
            "secondary_private_ips": [],
            "security_groups": [],
            "source_dest_check": true,
            "spot_instance_request_id": "",
            "subnet_id": "subnet-048ad3cf13a974834",
            "tags": {
              "Name": "myserver1"
            },
            "tags_all": {
              "Name": "myserver1"
            },
            "tenancy": "default",
            "timeouts": null,
            "user_data": null,
            "user_data_base64": null,
            "user_data_replace_on_change": false,
            "volume_tags": null,
            "vpc_security_group_ids": [
              "sg-0845f4ea3f66aad17"
            ]
          },
          "sensitive_attributes": [],
          "private": "eyJlMmJmYjczMC1lY2FhLTExZTYtOGY4OC0zNDM2M2JjN2M0YzAiOnsiY3JlYXRlIjo2MDAwMDAwMDAwMDAsImRlbGV0ZSI6MTIwMDAwMDAwMDAwMCwicmVhZCI6OTAwMDAwMDAwMDAwLCJ1cGRhdGUiOjYwMDAwMDAwMDAwMH0sInNjaGVtYV92ZXJzaW9uIjoiMSJ9",
          "dependencies": [
            "module.aws_infra.aws_security_group.myserver1",
            "module.aws_infra.aws_subnet.public-subnet",
            "module.aws_infra.aws_vpc.my_vpc"
          ]
        }
      ]
    },
    {
      "module": "module.aws_infra",
      "mode": "managed",
      "type": "aws_internet_gateway",
      "name": "my-igw",
      "provider": "module.aws_infra.provider[\"registry.terraform.io/hashicorp/aws\"]",
      "instances": [
        {
          "schema_version": 0,
          "attributes": {
            "arn": "arn:aws:ec2:us-east-1:390844748514:internet-gateway/igw-07f0b0a5fddf12e37",
            "id": "igw-07f0b0a5fddf12e37",
            "owner_id": "390844748514",
            "tags": {
              "Name": "my-igw"
            },
            "tags_all": {
              "Name": "my-igw"
            },
            "timeouts": null,
            "vpc_id": "vpc-08e05d6b6d76e0560"
          },
          "sensitive_attributes": [],
          "private": "eyJlMmJmYjczMC1lY2FhLTExZTYtOGY4OC0zNDM2M2JjN2M0YzAiOnsiY3JlYXRlIjoxMjAwMDAwMDAwMDAwLCJkZWxldGUiOjEyMDAwMDAwMDAwMDAsInVwZGF0ZSI6MTIwMDAwMDAwMDAwMH19",
          "dependencies": [
            "module.aws_infra.aws_vpc.my_vpc"
          ]
        }
      ]
    },
    {
      "module": "module.aws_infra",
      "mode": "managed",
      "type": "aws_route_table",
      "name": "my-rt",
      "provider": "module.aws_infra.provider[\"registry.terraform.io/hashicorp/aws\"]",
      "instances": [
        {
          "schema_version": 0,
          "attributes": {
            "arn": "arn:aws:ec2:us-east-1:390844748514:route-table/rtb-0b2f033d9ea0f0336",
            "id": "rtb-0b2f033d9ea0f0336",
            "owner_id": "390844748514",
            "propagating_vgws": [],
            "route": [
              {
                "carrier_gateway_id": "",
                "cidr_block": "0.0.0.0/0",
                "core_network_arn": "",
                "destination_prefix_list_id": "",
                "egress_only_gateway_id": "",
                "gateway_id": "igw-07f0b0a5fddf12e37",
                "ipv6_cidr_block": "",
                "local_gateway_id": "",
                "nat_gateway_id": "",
                "network_interface_id": "",
                "transit_gateway_id": "",
                "vpc_endpoint_id": "",
                "vpc_peering_connection_id": ""
              }
            ],
            "tags": {},
            "tags_all": {},
            "timeouts": null,
            "vpc_id": "vpc-08e05d6b6d76e0560"
          },
          "sensitive_attributes": [],
          "private": "eyJlMmJmYjczMC1lY2FhLTExZTYtOGY4OC0zNDM2M2JjN2M0YzAiOnsiY3JlYXRlIjozMDAwMDAwMDAwMDAsImRlbGV0ZSI6MzAwMDAwMDAwMDAwLCJ1cGRhdGUiOjEyMDAwMDAwMDAwMH19",
          "dependencies": [
            "module.aws_infra.aws_internet_gateway.my-igw",
            "module.aws_infra.aws_vpc.my_vpc"
          ]
        }
      ]
    },
    {
      "module": "module.aws_infra",
      "mode": "managed",
      "type": "aws_route_table_association",
      "name": "public-sub",
      "provider": "module.aws_infra.provider[\"registry.terraform.io/hashicorp/aws\"]",
      "instances": [
        {
          "schema_version": 0,
          "attributes": {
            "gateway_id": "",
            "id": "rtbassoc-01acfcedd73b07e2c",
            "route_table_id": "rtb-0b2f033d9ea0f0336",
            "subnet_id": "subnet-048ad3cf13a974834",
            "timeouts": null
          },
          "sensitive_attributes": [],
          "private": "eyJlMmJmYjczMC1lY2FhLTExZTYtOGY4OC0zNDM2M2JjN2M0YzAiOnsiY3JlYXRlIjozMDAwMDAwMDAwMDAsImRlbGV0ZSI6MzAwMDAwMDAwMDAwLCJ1cGRhdGUiOjEyMDAwMDAwMDAwMH19",
          "dependencies": [
            "module.aws_infra.aws_internet_gateway.my-igw",
            "module.aws_infra.aws_route_table.my-rt",
            "module.aws_infra.aws_subnet.public-subnet",
            "module.aws_infra.aws_vpc.my_vpc"
          ]
        }
      ]
    },
    {
      "module": "module.aws_infra",
      "mode": "managed",
      "type": "aws_security_group",
      "name": "myserver1",
      "provider": "module.aws_infra.provider[\"registry.terraform.io/hashicorp/aws\"]",
      "instances": [
        {
          "schema_version": 1,
          "attributes": {
            "arn": "arn:aws:ec2:us-east-1:390844748514:security-group/sg-0845f4ea3f66aad17",
            "description": "Allow SSH and HTTP",
            "egress": [
              {
                "cidr_blocks": [
                  "0.0.0.0/0"
                ],
                "description": "",
                "from_port": 0,
                "ipv6_cidr_blocks": [],
                "prefix_list_ids": [],
                "protocol": "-1",
                "security_groups": [],
                "self": false,
                "to_port": 0
              }
            ],
            "id": "sg-0845f4ea3f66aad17",
            "ingress": [
              {
                "cidr_blocks": [
                  "0.0.0.0/0"
                ],
                "description": "",
                "from_port": 22,
                "ipv6_cidr_blocks": [],
                "prefix_list_ids": [],
                "protocol": "tcp",
                "security_groups": [],
                "self": false,
                "to_port": 22
              },
              {
                "cidr_blocks": [
                  "0.0.0.0/0"
                ],
                "description": "",
                "from_port": 80,
                "ipv6_cidr_blocks": [],
                "prefix_list_ids": [],
                "protocol": "tcp",
                "security_groups": [],
                "self": false,
                "to_port": 80
              }
            ],
            "name": "myserver1-sg",
            "name_prefix": "",
            "owner_id": "390844748514",
            "revoke_rules_on_delete": false,
            "tags": {
              "Name": "myserver1-sg"
            },
            "tags_all": {
              "Name": "myserver1-sg"
            },
            "timeouts": null,
            "vpc_id": "vpc-08e05d6b6d76e0560"
          },
          "sensitive_attributes": [],
          "private": "eyJlMmJmYjczMC1lY2FhLTExZTYtOGY4OC0zNDM2M2JjN2M0YzAiOnsiY3JlYXRlIjo2MDAwMDAwMDAwMDAsImRlbGV0ZSI6OTAwMDAwMDAwMDAwfSwic2NoZW1hX3ZlcnNpb24iOiIxIn0=",
          "dependencies": [
            "module.aws_infra.aws_vpc.my_vpc"
          ]
        }
      ]
    },
    {
      "module": "module.aws_infra",
      "mode": "managed",
      "type": "aws_subnet",
      "name": "private-subnet",
      "provider": "module.aws_infra.provider[\"registry.terraform.io/hashicorp/aws\"]",
      "instances": [
        {
          "schema_version": 1,
          "attributes": {
            "arn": "arn:aws:ec2:us-east-1:390844748514:subnet/subnet-0dbbc13ed3170d38d",
            "assign_ipv6_address_on_creation": false,
            "availability_zone": "us-east-1a",
            "availability_zone_id": "use1-az6",
            "cidr_block": "10.0.1.0/24",
            "customer_owned_ipv4_pool": "",
            "enable_dns64": false,
            "enable_lni_at_device_index": 0,
            "enable_resource_name_dns_a_record_on_launch": false,
            "enable_resource_name_dns_aaaa_record_on_launch": false,
            "id": "subnet-0dbbc13ed3170d38d",
            "ipv6_cidr_block": "",
            "ipv6_cidr_block_association_id": "",
            "ipv6_native": false,
            "map_customer_owned_ip_on_launch": false,
            "map_public_ip_on_launch": false,
            "outpost_arn": "",
            "owner_id": "390844748514",
            "private_dns_hostname_type_on_launch": "ip-name",
            "tags": {
              "Name": "private-subnet"
            },
            "tags_all": {
              "Name": "private-subnet"
            },
            "timeouts": null,
            "vpc_id": "vpc-08e05d6b6d76e0560"
          },
          "sensitive_attributes": [],
          "private": "eyJlMmJmYjczMC1lY2FhLTExZTYtOGY4OC0zNDM2M2JjN2M0YzAiOnsiY3JlYXRlIjo2MDAwMDAwMDAwMDAsImRlbGV0ZSI6MTIwMDAwMDAwMDAwMH0sInNjaGVtYV92ZXJzaW9uIjoiMSJ9",
          "dependencies": [
            "module.aws_infra.aws_vpc.my_vpc"
          ]
        }
      ]
    },
    {
      "module": "module.aws_infra",
      "mode": "managed",
      "type": "aws_subnet",
      "name": "public-subnet",
      "provider": "module.aws_infra.provider[\"registry.terraform.io/hashicorp/aws\"]",
      "instances": [
        {
          "schema_version": 1,
          "attributes": {
            "arn": "arn:aws:ec2:us-east-1:390844748514:subnet/subnet-048ad3cf13a974834",
            "assign_ipv6_address_on_creation": false,
            "availability_zone": "us-east-1c",
            "availability_zone_id": "use1-az2",
            "cidr_block": "10.0.2.0/24",
            "customer_owned_ipv4_pool": "",
            "enable_dns64": false,
            "enable_lni_at_device_index": 0,
            "enable_resource_name_dns_a_record_on_launch": false,
            "enable_resource_name_dns_aaaa_record_on_launch": false,
            "id": "subnet-048ad3cf13a974834",
            "ipv6_cidr_block": "",
            "ipv6_cidr_block_association_id": "",
            "ipv6_native": false,
            "map_customer_owned_ip_on_launch": false,
            "map_public_ip_on_launch": true,
            "outpost_arn": "",
            "owner_id": "390844748514",
            "private_dns_hostname_type_on_launch": "ip-name",
            "tags": {
              "Name": "public-subnet"
            },
            "tags_all": {
              "Name": "public-subnet"
            },
            "timeouts": null,
            "vpc_id": "vpc-08e05d6b6d76e0560"
          },
          "sensitive_attributes": [],
          "private": "eyJlMmJmYjczMC1lY2FhLTExZTYtOGY4OC0zNDM2M2JjN2M0YzAiOnsiY3JlYXRlIjo2MDAwMDAwMDAwMDAsImRlbGV0ZSI6MTIwMDAwMDAwMDAwMH0sInNjaGVtYV92ZXJzaW9uIjoiMSJ9",
          "dependencies": [
            "module.aws_infra.aws_vpc.my_vpc"
          ]
        }
      ]
    },
    {
      "module": "module.aws_infra",
      "mode": "managed",
      "type": "aws_vpc",
      "name": "my_vpc",
      "provider": "module.aws_infra.provider[\"registry.terraform.io/hashicorp/aws\"]",
      "instances": [
        {
          "schema_version": 1,
          "attributes": {
            "arn": "arn:aws:ec2:us-east-1:390844748514:vpc/vpc-08e05d6b6d76e0560",
            "assign_generated_ipv6_cidr_block": false,
            "cidr_block": "10.0.0.0/16",
            "default_network_acl_id": "acl-02fb75d520bcaf227",
            "default_route_table_id": "rtb-0712e20a73a47ee92",
            "default_security_group_id": "sg-002a0c1beb78556fb",
            "dhcp_options_id": "dopt-0a8cbfbc0abedd44b",
            "enable_dns_hostnames": false,
            "enable_dns_support": true,
            "enable_network_address_usage_metrics": false,
            "id": "vpc-08e05d6b6d76e0560",
            "instance_tenancy": "default",
            "ipv4_ipam_pool_id": null,
            "ipv4_netmask_length": null,
            "ipv6_association_id": "",
            "ipv6_cidr_block": "",
            "ipv6_cidr_block_network_border_group": "",
            "ipv6_ipam_pool_id": "",
            "ipv6_netmask_length": 0,
            "main_route_table_id": "rtb-0712e20a73a47ee92",
            "owner_id": "390844748514",
            "tags": {
              "Name": "my_vpc"
            },
            "tags_all": {
              "Name": "my_vpc"
            }
          },
          "sensitive_attributes": [],
          "private": "eyJzY2hlbWFfdmVyc2lvbiI6IjEifQ=="
        }
      ]
    },
    {
      "module": "module.ibm_infra",
      "mode": "data",
      "type": "ibm_is_ssh_key",
      "name": "existing_key",
      "provider": "module.ibm_infra.provider[\"registry.terraform.io/ibm-cloud/ibm\"]",
      "instances": [
        {
          "schema_version": 0,
          "attributes": {
            "access_tags": [],
            "created_at": "2025-04-14T11:08:46.000Z",
            "crn": "crn:v1:bluemix:public:is:eu-de:a/13b672a323bd4e26989ad9edf59c20d2::key:r010-4399e20e-8a57-40a1-966a-5f3eae31136b",
            "fingerprint": "SHA256:7nQ1F1c9+6FkhFwBY7JjwxYpTlW2qzpcyYytmsGYpkQ",
            "href": "https://eu-de.iaas.cloud.ibm.com/v1/keys/r010-4399e20e-8a57-40a1-966a-5f3eae31136b",
            "id": "r010-4399e20e-8a57-40a1-966a-5f3eae31136b",
            "length": 4096,
            "name": "ibmssh",
            "public_key": "ssh-rsa AAAAB3NzaC1yc2EAAAADAQABAAACAQDsRum9zgGJUNtFczDStZQsOqMR3obmwhnqeL9t3zv6fsI6HFs5vBKhpnthIaOCeFogNVV1m4EtBEPvXMAssKNBI4nFya+XcqkTwo5XPmSDDC4xIF4ml3HN2RjjeFA9Z21h7L+4RKuLcqy0dS1wuWgucoxVXGypEN6OjyQD6Eq1QIPNYGCQJfkDOVXXE81BaaT9ekbbHTPytlwY87OcZdVvIpIjFTMo52eA7KYNLVI1ElH56nkAGJxv1yw+97nz3SAsatlY3kufs4u0MDjn3AY4VX+eCSo0E8RoOfteiLl7xiJbYnN/JtPFnMYV418ao25nv+YKxvg/nAsRMQPAGY2dQbSakCVPavYGVoncJtFcNp5zjRCa5/9sbAT8m/+OOLy1XS9kM9lkTf29+dPlfJCmsFbOvsmokmV61VTShxsVjfGrkeyweIQOUDOj0emA13yu/4W3c4n+gMjQxHdXftfHV8gHqXKz33VzgGsb8dDPaSs7uzF246EEukuhxTTk0wcb6FqZPMzRBQ+ZiZAqP3kpAeqlpjvyGHd2ijmx4dbXvi1xyzBHByPEy5m/VYJo28OPWZAmbxdqs27YIP2sQapTw1WnYO52f+srMbCcYONxDX7wC32ea8yZPgLlu0+76MRvLlP+jmQSeg1ifZaTTMsKUVkmTx+u+WBAuObkLvh7CQ==",
            "resource_controller_url": "https://cloud.ibm.com/vpc/compute/sshKeys",
            "resource_crn": "crn:v1:bluemix:public:is:eu-de:a/13b672a323bd4e26989ad9edf59c20d2::key:r010-4399e20e-8a57-40a1-966a-5f3eae31136b",
            "resource_group": "f37db72993ef4116a2baf9b7c114f737",
            "resource_group_name": "f37db72993ef4116a2baf9b7c114f737",
            "resource_name": "ibmssh",
            "tags": [],
            "type": "rsa"
          },
          "sensitive_attributes": []
        }
      ]
    },
    {
      "module": "module.ibm_infra",
      "mode": "data",
      "type": "ibm_is_subnet",
      "name": "existing_subnet",
      "provider": "module.ibm_infra.provider[\"registry.terraform.io/ibm-cloud/ibm\"]",
      "instances": [
        {
          "schema_version": 0,
          "attributes": {
            "access_tags": [],
            "available_ipv4_address_count": 250,
            "crn": "crn:v1:bluemix:public:is:eu-de-2:a/13b672a323bd4e26989ad9edf59c20d2::subnet:02c7-35335ee0-2dca-4a27-a9b0-58fc0537bd2f",
            "id": "02c7-35335ee0-2dca-4a27-a9b0-58fc0537bd2f",
            "identifier": null,
            "ipv4_cidr_block": "10.243.64.0/24",
            "name": "eu-de-2-default-subnet",
            "network_acl": "r010-c63dc0c6-5455-45fa-bad4-8b3d584d7d64",
            "public_gateway": "",
            "resource_controller_url": "https://cloud.ibm.com/vpc-ext/network/subnets",
            "resource_crn": "crn:v1:bluemix:public:is:eu-de-2:a/13b672a323bd4e26989ad9edf59c20d2::subnet:02c7-35335ee0-2dca-4a27-a9b0-58fc0537bd2f",
            "resource_group": "f37db72993ef4116a2baf9b7c114f737",
            "resource_group_name": "Default",
            "resource_name": "eu-de-2-default-subnet",
            "resource_status": "available",
            "routing_table": [
              {
                "crn": "crn:v1:bluemix:public:is:eu-de:a/13b672a323bd4e26989ad9edf59c20d2::vpc-routing-table:r010-894e87e9-bd64-4f64-85cc-410fcd9d1702/r010-9b2ab2ea-e080-4ff5-ab21-7a227230a65d",
                "deleted": [],
                "href": "https://eu-de.iaas.cloud.ibm.com/v1/vpcs/r010-894e87e9-bd64-4f64-85cc-410fcd9d1702/routing_tables/r010-9b2ab2ea-e080-4ff5-ab21-7a227230a65d",
                "id": "r010-9b2ab2ea-e080-4ff5-ab21-7a227230a65d",
                "name": "overeager-unmatched-shandy-preschool",
                "resource_type": "routing_table"
              }
            ],
            "status": "available",
            "tags": [],
            "total_ipv4_address_count": 256,
            "vpc": "r010-894e87e9-bd64-4f64-85cc-410fcd9d1702",
            "vpc_name": "eu-de-default-vpc",
            "zone": "eu-de-2"
          },
          "sensitive_attributes": []
        }
      ]
    },
    {
      "module": "module.ibm_infra",
      "mode": "data",
      "type": "ibm_is_vpc",
      "name": "existing_vpc",
      "provider": "module.ibm_infra.provider[\"registry.terraform.io/ibm-cloud/ibm\"]",
      "instances": [
        {
          "schema_version": 0,
          "attributes": {
            "access_tags": [],
            "classic_access": false,
            "crn": "crn:v1:bluemix:public:is:eu-de:a/13b672a323bd4e26989ad9edf59c20d2::vpc:r010-894e87e9-bd64-4f64-85cc-410fcd9d1702",
            "cse_source_addresses": [
              {
                "address": "10.22.107.95",
                "zone_name": "eu-de-1"
              },
              {
                "address": "10.223.45.49",
                "zone_name": "eu-de-2"
              },
              {
                "address": "10.223.52.109",
                "zone_name": "eu-de-3"
              }
            ],
            "default_address_prefixes": {
              "eu-de-1": "10.243.0.0/18",
              "eu-de-2": "10.243.64.0/18",
              "eu-de-3": "10.243.128.0/18"
            },
            "default_network_acl": "r010-c63dc0c6-5455-45fa-bad4-8b3d584d7d64",
            "default_network_acl_crn": "crn:v1:bluemix:public:is:eu-de:a/13b672a323bd4e26989ad9edf59c20d2::network-acl:r010-c63dc0c6-5455-45fa-bad4-8b3d584d7d64",
            "default_network_acl_name": "koala-curator-psychic-labrador",
            "default_routing_table": "r010-9b2ab2ea-e080-4ff5-ab21-7a227230a65d",
            "default_routing_table_name": "overeager-unmatched-shandy-preschool",
            "default_security_group": "r010-41c87a48-8293-4057-8bae-5197b0933f01",
            "default_security_group_crn": "crn:v1:bluemix:public:is:eu-de:a/13b672a323bd4e26989ad9edf59c20d2::security-group:r010-41c87a48-8293-4057-8bae-5197b0933f01",
            "default_security_group_name": "sixteen-capitol-granola-aided",
            "dns": [
              {
                "enable_hub": false,
                "resolution_binding_count": 0,
                "resolver": [
                  {
                    "configuration": "default",
                    "manual_servers": [],
                    "servers": [
                      {
                        "address": "161.26.0.10",
                        "zone_affinity": ""
                      },
                      {
                        "address": "161.26.0.11",
                        "zone_affinity": ""
                      }
                    ],
                    "type": "system",
                    "vpc": []
                  }
                ]
              }
            ],
            "health_reasons": [],
            "health_state": "ok",
            "id": "r010-894e87e9-bd64-4f64-85cc-410fcd9d1702",
            "identifier": "r010-894e87e9-bd64-4f64-85cc-410fcd9d1702",
            "name": "eu-de-default-vpc",
            "resource_controller_url": "https://cloud.ibm.com/vpc-ext/network/vpcs",
            "resource_crn": "crn:v1:bluemix:public:is:eu-de:a/13b672a323bd4e26989ad9edf59c20d2::vpc:r010-894e87e9-bd64-4f64-85cc-410fcd9d1702",
            "resource_group": "f37db72993ef4116a2baf9b7c114f737",
            "resource_group_name": "Default",
            "resource_name": "eu-de-default-vpc",
            "resource_status": "available",
            "security_group": [
              {
                "group_id": "r010-41c87a48-8293-4057-8bae-5197b0933f01",
                "group_name": "sixteen-capitol-granola-aided",
                "rules": [
                  {
                    "code": 0,
                    "direction": "outbound",
                    "ip_version": "ipv4",
                    "port_max": 0,
                    "port_min": 0,
                    "protocol": "all",
                    "remote": "0.0.0.0/0",
                    "rule_id": "r010-0f0d3b6d-54e5-4773-80d0-d2386df85abb",
                    "type": 0
                  },
                  {
                    "code": 0,
                    "direction": "inbound",
                    "ip_version": "ipv4",
                    "port_max": 0,
                    "port_min": 0,
                    "protocol": "all",
                    "remote": "r010-41c87a48-8293-4057-8bae-5197b0933f01",
                    "rule_id": "r010-5e103de2-8606-4ec2-8324-8aec9a86bd23",
                    "type": 0
                  },
                  {
                    "code": 0,
                    "direction": "inbound",
                    "ip_version": "ipv4",
                    "port_max": 22,
                    "port_min": 22,
                    "protocol": "tcp",
                    "remote": "0.0.0.0/0",
                    "rule_id": "r010-28e25368-0668-4579-95e2-015a891c52bb",
                    "type": 0
                  },
                  {
                    "code": 0,
                    "direction": "inbound",
                    "ip_version": "ipv4",
                    "port_max": 0,
                    "port_min": 0,
                    "protocol": "icmp",
                    "remote": "0.0.0.0/0",
                    "rule_id": "r010-775e5ee6-522a-4109-a458-b03d27c1a59e",
                    "type": 8
                  },
                  {
                    "code": 0,
                    "direction": "inbound",
                    "ip_version": "ipv4",
                    "port_max": 80,
                    "port_min": 80,
                    "protocol": "tcp",
                    "remote": "0.0.0.0/0",
                    "rule_id": "r010-7d1918bf-79e9-4a25-b4f4-a62cb53da815",
                    "type": 0
                  }
                ]
              }
            ],
            "status": "available",
            "subnets": [
              {
                "available_ipv4_address_count": 250,
                "id": "02c7-35335ee0-2dca-4a27-a9b0-58fc0537bd2f",
                "name": "eu-de-2-default-subnet",
                "status": "available",
                "total_ipv4_address_count": 256,
                "zone": "eu-de-2"
              }
            ],
            "tags": []
          },
          "sensitive_attributes": []
        }
      ]
    },
    {
      "module": "module.ibm_infra",
      "mode": "managed",
      "type": "ibm_is_floating_ip",
      "name": "fip",
      "provider": "module.ibm_infra.provider[\"registry.terraform.io/ibm-cloud/ibm\"]",
      "instances": [
        {
          "schema_version": 0,
          "attributes": {
            "access_tags": [],
            "address": "158.176.9.57",
            "crn": "crn:v1:bluemix:public:is:eu-de-2:a/13b672a323bd4e26989ad9edf59c20d2::floating-ip:r010-f144442c-3787-492e-843b-b34e3dd861d0",
            "id": "r010-f144442c-3787-492e-843b-b34e3dd861d0",
            "name": "example-vsi-fip-ffb2b233",
            "resource_controller_url": "https://cloud.ibm.com/vpc-ext/network/floatingIPs",
            "resource_crn": "crn:v1:bluemix:public:is:eu-de-2:a/13b672a323bd4e26989ad9edf59c20d2::floating-ip:r010-f144442c-3787-492e-843b-b34e3dd861d0",
            "resource_group": "f37db72993ef4116a2baf9b7c114f737",
            "resource_group_name": "Default",
            "resource_name": "example-vsi-fip-ffb2b233",
            "resource_status": "available",
            "status": "available",
            "tags": [],
            "target": "02c7-4aa2f887-2937-4034-b3a8-c44cb0294448",
            "target_list": [
              {
                "crn": "",
                "deleted": [],
                "href": "https://eu-de.iaas.cloud.ibm.com/v1/instances/02c7_47f745f6-a0ca-44c6-9578-8e553a84e8fc/network_interfaces/02c7-4aa2f887-2937-4034-b3a8-c44cb0294448",
                "id": "02c7-4aa2f887-2937-4034-b3a8-c44cb0294448",
                "name": "doorframe-databank-untitled-easter",
                "primary_ip": [
                  {
                    "address": "10.243.64.10",
                    "href": "https://eu-de.iaas.cloud.ibm.com/v1/subnets/02c7-35335ee0-2dca-4a27-a9b0-58fc0537bd2f/reserved_ips/02c7-21df501f-61ea-41fd-a5c2-0f507b654e2f",
                    "name": "diminish-everglade-monomaniacal-purifier",
                    "reserved_ip": "02c7-21df501f-61ea-41fd-a5c2-0f507b654e2f",
                    "resource_type": "subnet_reserved_ip"
                  }
                ],
                "resource_type": "network_interface"
              }
            ],
            "timeouts": null,
            "zone": "eu-de-2"
          },
          "sensitive_attributes": [],
          "private": "eyJlMmJmYjczMC1lY2FhLTExZTYtOGY4OC0zNDM2M2JjN2M0YzAiOnsiY3JlYXRlIjo2MDAwMDAwMDAwMDAsImRlbGV0ZSI6NjAwMDAwMDAwMDAwfX0=",
          "dependencies": [
            "module.ibm_infra.data.ibm_is_ssh_key.existing_key",
            "module.ibm_infra.data.ibm_is_subnet.existing_subnet",
            "module.ibm_infra.data.ibm_is_vpc.existing_vpc",
            "module.ibm_infra.ibm_is_instance.example",
            "module.ibm_infra.random_id.suffix"
          ]
        }
      ]
    },
    {
      "module": "module.ibm_infra",
      "mode": "managed",
      "type": "ibm_is_instance",
      "name": "example",
      "provider": "module.ibm_infra.provider[\"registry.terraform.io/ibm-cloud/ibm\"]",
      "instances": [
        {
          "schema_version": 0,
          "attributes": {
            "access_tags": [],
            "action": null,
            "auto_delete_volume": null,
            "availability_policy_host_failure": "restart",
            "bandwidth": 4000,
            "boot_volume": [
              {
                "auto_delete_volume": true,
                "bandwidth": 393,
                "encryption": "",
                "iops": 3000,
                "name": "undertake-projector-secluding-cozily",
                "profile": "general-purpose",
                "size": 100,
                "snapshot": "",
                "snapshot_crn": "",
                "tags": [],
                "volume_id": "r010-0280beb6-4a03-4701-bb0e-9d4ba9973b5d"
              }
            ],
            "catalog_offering": [],
            "cluster_network": [],
            "cluster_network_attachments": [],
            "confidential_compute_mode": "disabled",
            "crn": "crn:v1:bluemix:public:is:eu-de-2:a/13b672a323bd4e26989ad9edf59c20d2::instance:02c7_47f745f6-a0ca-44c6-9578-8e553a84e8fc",
            "dedicated_host": null,
            "dedicated_host_group": null,
            "default_trusted_profile_auto_link": null,
            "default_trusted_profile_target": null,
            "disks": [],
            "enable_secure_boot": false,
            "force_action": false,
            "force_recovery_time": null,
            "gpu": [],
            "health_reasons": [],
            "health_state": "ok",
            "id": "02c7_47f745f6-a0ca-44c6-9578-8e553a84e8fc",
            "image": "r010-30c25951-3392-419c-a843-d37c43820ada",
            "instance_template": null,
            "keys": [
              "r010-4399e20e-8a57-40a1-966a-5f3eae31136b"
            ],
            "lifecycle_reasons": [],
            "lifecycle_state": "stable",
            "memory": 8,
            "metadata_service": [
              {
                "enabled": false,
                "protocol": "http",
                "response_hop_limit": 1
              }
            ],
            "metadata_service_enabled": false,
            "name": "example-vsi",
            "network_attachments": [],
            "network_interfaces": [],
            "numa_count": 1,
            "placement_group": null,
            "placement_target": [],
            "primary_network_attachment": [],
            "primary_network_interface": [
              {
                "allow_ip_spoofing": false,
                "id": "02c7-4aa2f887-2937-4034-b3a8-c44cb0294448",
                "name": "doorframe-databank-untitled-easter",
                "port_speed": 3000,
                "primary_ip": [
                  {
                    "address": "10.243.64.10",
                    "auto_delete": true,
                    "href": "https://eu-de.iaas.cloud.ibm.com/v1/subnets/02c7-35335ee0-2dca-4a27-a9b0-58fc0537bd2f/reserved_ips/02c7-21df501f-61ea-41fd-a5c2-0f507b654e2f",
                    "name": "diminish-everglade-monomaniacal-purifier",
                    "reserved_ip": "02c7-21df501f-61ea-41fd-a5c2-0f507b654e2f",
                    "resource_type": "subnet_reserved_ip"
                  }
                ],
                "primary_ipv4_address": "10.243.64.10",
                "security_groups": [
                  "r010-41c87a48-8293-4057-8bae-5197b0933f01"
                ],
                "subnet": "02c7-35335ee0-2dca-4a27-a9b0-58fc0537bd2f"
              }
            ],
            "profile": "bx2-2x8",
            "reservation": [],
            "reservation_affinity": [
              {
                "policy": "automatic",
                "pool": []
              }
            ],
            "resource_controller_url": "https://cloud.ibm.com/vpc-ext/compute/vs",
            "resource_crn": "crn:v1:bluemix:public:is:eu-de-2:a/13b672a323bd4e26989ad9edf59c20d2::instance:02c7_47f745f6-a0ca-44c6-9578-8e553a84e8fc",
            "resource_group": "f37db72993ef4116a2baf9b7c114f737",
            "resource_group_name": "Default",
            "resource_name": "example-vsi",
            "resource_status": "running",
            "status": "running",
            "status_reasons": [],
            "tags": [],
            "timeouts": null,
            "total_network_bandwidth": 3000,
            "total_volume_bandwidth": 1000,
            "user_data": null,
            "vcpu": [
              {
                "architecture": "amd64",
                "count": 2,
                "manufacturer": "intel"
              }
            ],
            "volume_attachments": [
              {
                "id": "02c7-79b43d75-a68d-4ab7-8cf5-e7d7768e9da4",
                "name": "trustee-hubcap-landing-stereo",
                "volume_crn": "crn:v1:bluemix:public:is:eu-de-2:a/13b672a323bd4e26989ad9edf59c20d2::volume:r010-0280beb6-4a03-4701-bb0e-9d4ba9973b5d",
                "volume_id": "r010-0280beb6-4a03-4701-bb0e-9d4ba9973b5d",
                "volume_name": "undertake-projector-secluding-cozily"
              }
            ],
            "volume_prototypes": [],
            "volumes": null,
            "vpc": "r010-894e87e9-bd64-4f64-85cc-410fcd9d1702",
            "wait_before_delete": true,
            "zone": "eu-de-2"
          },
          "sensitive_attributes": [],
          "private": "eyJlMmJmYjczMC1lY2FhLTExZTYtOGY4OC0zNDM2M2JjN2M0YzAiOnsiY3JlYXRlIjoxODAwMDAwMDAwMDAwLCJkZWxldGUiOjE4MDAwMDAwMDAwMDAsInVwZGF0ZSI6MTgwMDAwMDAwMDAwMH19",
          "dependencies": [
            "module.ibm_infra.data.ibm_is_ssh_key.existing_key",
            "module.ibm_infra.data.ibm_is_subnet.existing_subnet",
            "module.ibm_infra.data.ibm_is_vpc.existing_vpc"
          ]
        }
      ]
    },
    {
      "module": "module.ibm_infra",
      "mode": "managed",
      "type": "random_id",
      "name": "suffix",
      "provider": "provider[\"registry.terraform.io/hashicorp/random\"]",
      "instances": [
        {
          "schema_version": 0,
          "attributes": {
            "b64_std": "/7KyMw==",
            "b64_url": "_7KyMw",
            "byte_length": 4,
            "dec": "4289901107",
            "hex": "ffb2b233",
            "id": "_7KyMw",
            "keepers": null,
            "prefix": null
          },
          "sensitive_attributes": []
        }
      ]
    }
  ],
  "check_results": null
}
